
Microsoft Visual Studio Solution File, Format Version 12.00
# Visual Studio 15
VisualStudioVersion = 15.0.27130.2003
MinimumVisualStudioVersion = 10.0.40219.1
Project("{00D1A9C2-B5F0-4AF3-8072-F6C62B433612}") = "Database1", "Database1\Database1.sqlproj", "{888D3600-B6AB-47FD-B071-76F6109B5F23}"
EndProject
Project("{FAE04EC0-301F-11D3-BF4B-00C04F79EFBC}") = "WebApplication2", "WebApplication2\WebApplication2.csproj", "{1FA90A98-BBA6-419B-A5B8-8A920B3C9D49}"
EndProject
Global
	GlobalSection(SolutionConfigurationPlatforms) = preSolution
		Debug|Any CPU = Debug|Any CPU
		Release|Any CPU = Release|Any CPU
	EndGlobalSection
	GlobalSection(ProjectConfigurationPlatforms) = postSolution
		{888D3600-B6AB-47FD-B071-76F6109B5F23}.Debug|Any CPU.ActiveCfg = Debug|Any CPU
		{888D3600-B6AB-47FD-B071-76F6109B5F23}.Debug|Any CPU.Build.0 = Debug|Any CPU
		{888D3600-B6AB-47FD-B071-76F6109B5F23}.Debug|Any CPU.Deploy.0 = Debug|Any CPU
		{888D3600-B6AB-47FD-B071-76F6109B5F23}.Release|Any CPU.ActiveCfg = Release|Any CPU
		{888D3600-B6AB-47FD-B071-76F6109B5F23}.Release|Any CPU.Build.0 = Release|Any CPU
		{888D3600-B6AB-47FD-B071-76F6109B5F23}.Release|Any CPU.Deploy.0 = Release|Any CPU
		{1FA90A98-BBA6-419B-A5B8-8A920B3C9D49}.Debug|Any CPU.ActiveCfg = Debug|Any CPU
		{1FA90A98-BBA6-419B-A5B8-8A920B3C9D49}.Debug|Any CPU.Build.0 = Debug|Any CPU
		{1FA90A98-BBA6-419B-A5B8-8A920B3C9D49}.Release|Any CPU.ActiveCfg = Release|Any CPU
		{1FA90A98-BBA6-419B-A5B8-8A920B3C9D49}.Release|Any CPU.Build.0 = Release|Any CPU
	EndGlobalSection
	GlobalSection(SolutionProperties) = preSolution
		HideSolutionNode = FALSE
	EndGlobalSection
	GlobalSection(ExtensibilityGlobals) = postSolution
		SolutionGuid = {2BE47872-BB6F-48A3-943A-BECBB5C86546}
	EndGlobalSection
EndGlobal
